
Microsoft Visual Studio Solution File, Format Version 12.00
# Visual Studio Version 16
VisualStudioVersion = 16.0.30907.101
MinimumVisualStudioVersion = 10.0.40219.1
Project("{8BC9CEB8-8B4A-11D0-8D11-00A0C91BC942}") = "array", "array\array.vcxproj", "{9AE765B7-11F4-441C-AAED-2A6B4C1F2C6C}"
EndProject
Global
	GlobalSection(SolutionConfigurationPlatforms) = preSolution
		Debug|x64 = Debug|x64
		Debug|x86 = Debug|x86
		Release|x64 = Release|x64
		Release|x86 = Release|x86
	EndGlobalSection
	GlobalSection(ProjectConfigurationPlatforms) = postSolution
		{9AE765B7-11F4-441C-AAED-2A6B4C1F2C6C}.Debug|x64.ActiveCfg = Debug|x64
		{9AE765B7-11F4-441C-AAED-2A6B4C1F2C6C}.Debug|x64.Build.0 = Debug|x64
		{9AE765B7-11F4-441C-AAED-2A6B4C1F2C6C}.Debug|x86.ActiveCfg = Debug|Win32
		{9AE765B7-11F4-441C-AAED-2A6B4C1F2C6C}.Debug|x86.Build.0 = Debug|Win32
		{9AE765B7-11F4-441C-AAED-2A6B4C1F2C6C}.Release|x64.ActiveCfg = Release|x64
		{9AE765B7-11F4-441C-AAED-2A6B4C1F2C6C}.Release|x64.Build.0 = Release|x64
		{9AE765B7-11F4-441C-AAED-2A6B4C1F2C6C}.Release|x86.ActiveCfg = Release|Win32
		{9AE765B7-11F4-441C-AAED-2A6B4C1F2C6C}.Release|x86.Build.0 = Release|Win32
	EndGlobalSection
	GlobalSection(SolutionProperties) = preSolution
		HideSolutionNode = FALSE
	EndGlobalSection
	GlobalSection(ExtensibilityGlobals) = postSolution
		SolutionGuid = {4B250943-74CF-4B0A-98BF-B20B9C65D88D}
	EndGlobalSection
EndGlobal
